
Microsoft Visual Studio Solution File, Format Version 12.00
# Visual Studio Version 17
VisualStudioVersion = 17.0.32014.148
MinimumVisualStudioVersion = 10.0.40219.1
Project("{FAE04EC0-301F-11D3-BF4B-00C04F79EFBC}") = "Agenda.Server", "Agenda\Server\Agenda.Server.csproj", "{58187430-E5EF-4ECC-9753-731E81B75797}"
EndProject
Project("{FAE04EC0-301F-11D3-BF4B-00C04F79EFBC}") = "Agenda.Client", "Agenda\Client\Agenda.Client.csproj", "{0FD535DE-1038-41E6-B2F1-15337D889E8D}"
EndProject
Project("{FAE04EC0-301F-11D3-BF4B-00C04F79EFBC}") = "Agenda.Shared", "Agenda\Shared\Agenda.Shared.csproj", "{2FCC0836-852F-40AF-AB1E-4F4EA3D02FED}"
EndProject
Global
	GlobalSection(SolutionConfigurationPlatforms) = preSolution
		Debug|Any CPU = Debug|Any CPU
		Release|Any CPU = Release|Any CPU
	EndGlobalSection
	GlobalSection(ProjectConfigurationPlatforms) = postSolution
		{58187430-E5EF-4ECC-9753-731E81B75797}.Debug|Any CPU.ActiveCfg = Debug|Any CPU
		{58187430-E5EF-4ECC-9753-731E81B75797}.Debug|Any CPU.Build.0 = Debug|Any CPU
		{58187430-E5EF-4ECC-9753-731E81B75797}.Release|Any CPU.ActiveCfg = Release|Any CPU
		{58187430-E5EF-4ECC-9753-731E81B75797}.Release|Any CPU.Build.0 = Release|Any CPU
		{0FD535DE-1038-41E6-B2F1-15337D889E8D}.Debug|Any CPU.ActiveCfg = Debug|Any CPU
		{0FD535DE-1038-41E6-B2F1-15337D889E8D}.Debug|Any CPU.Build.0 = Debug|Any CPU
		{0FD535DE-1038-41E6-B2F1-15337D889E8D}.Release|Any CPU.ActiveCfg = Release|Any CPU
		{0FD535DE-1038-41E6-B2F1-15337D889E8D}.Release|Any CPU.Build.0 = Release|Any CPU
		{2FCC0836-852F-40AF-AB1E-4F4EA3D02FED}.Debug|Any CPU.ActiveCfg = Debug|Any CPU
		{2FCC0836-852F-40AF-AB1E-4F4EA3D02FED}.Debug|Any CPU.Build.0 = Debug|Any CPU
		{2FCC0836-852F-40AF-AB1E-4F4EA3D02FED}.Release|Any CPU.ActiveCfg = Release|Any CPU
		{2FCC0836-852F-40AF-AB1E-4F4EA3D02FED}.Release|Any CPU.Build.0 = Release|Any CPU
	EndGlobalSection
	GlobalSection(SolutionProperties) = preSolution
		HideSolutionNode = FALSE
	EndGlobalSection
	GlobalSection(ExtensibilityGlobals) = postSolution
		SolutionGuid = {8180801D-4788-462E-A953-2CA8CEF78C11}
	EndGlobalSection
EndGlobal
